
Microsoft Visual Studio Solution File, Format Version 12.00
# Visual Studio 14
VisualStudioVersion = 14.0.23107.0
MinimumVisualStudioVersion = 10.0.40219.1
Project("{FAE04EC0-301F-11D3-BF4B-00C04F79EFBC}") = "Stratego", "Stratego\Stratego.csproj", "{05AF462A-BDB8-45D9-B306-01867B1F7E56}"
EndProject
Project("{FAE04EC0-301F-11D3-BF4B-00C04F79EFBC}") = "Stratego.Tests", "Stratego.Tests\Stratego.Tests.csproj", "{456101FB-9C80-4BC6-8D86-267C3E738C63}"
EndProject
Global
	GlobalSection(SolutionConfigurationPlatforms) = preSolution
		Debug|Any CPU = Debug|Any CPU
		Release|Any CPU = Release|Any CPU
	EndGlobalSection
	GlobalSection(ProjectConfigurationPlatforms) = postSolution
		{05AF462A-BDB8-45D9-B306-01867B1F7E56}.Debug|Any CPU.ActiveCfg = Debug|Any CPU
		{05AF462A-BDB8-45D9-B306-01867B1F7E56}.Debug|Any CPU.Build.0 = Debug|Any CPU
		{05AF462A-BDB8-45D9-B306-01867B1F7E56}.Release|Any CPU.ActiveCfg = Release|Any CPU
		{05AF462A-BDB8-45D9-B306-01867B1F7E56}.Release|Any CPU.Build.0 = Release|Any CPU
		{456101FB-9C80-4BC6-8D86-267C3E738C63}.Debug|Any CPU.ActiveCfg = Debug|Any CPU
		{456101FB-9C80-4BC6-8D86-267C3E738C63}.Debug|Any CPU.Build.0 = Debug|Any CPU
		{456101FB-9C80-4BC6-8D86-267C3E738C63}.Release|Any CPU.ActiveCfg = Release|Any CPU
		{456101FB-9C80-4BC6-8D86-267C3E738C63}.Release|Any CPU.Build.0 = Release|Any CPU
	EndGlobalSection
	GlobalSection(SolutionProperties) = preSolution
		HideSolutionNode = FALSE
	EndGlobalSection
	GlobalSection(TeamFoundationVersionControl) = preSolution
		SccNumberOfProjects = 3
		SccEnterpriseProvider = {4CA58AB2-18FA-4F8D-95D4-32DDF27D184C}
		SccTeamFoundationServer = https://stratego2.visualstudio.com/defaultcollection
		SccLocalPath0 = .
		SccProjectUniqueName1 = Stratego.Tests\\Stratego.Tests.csproj
		SccProjectName1 = Stratego.Tests
		SccLocalPath1 = Stratego.Tests
		SccProjectUniqueName2 = Stratego\\Stratego.csproj
		SccProjectName2 = Stratego
		SccLocalPath2 = Stratego
	EndGlobalSection
EndGlobal
